// !$*UTF8*$!
{
	archiveVersion = 1;
	classes = {
	};
	objectVersion = 46;
	objects = {

/* Begin PBXBuildFile section */
		AA22B37B1CE37307009CCD4C /* main.m in Sources */ = {isa = PBXBuildFile; fileRef = AA22B37A1CE37307009CCD4C /* main.m */; };
		AA22B37E1CE37307009CCD4C /* AppDelegate.m in Sources */ = {isa = PBXBuildFile; fileRef = AA22B37D1CE37307009CCD4C /* AppDelegate.m */; };
		AA22B3811CE37307009CCD4C /* ViewController.m in Sources */ = {isa = PBXBuildFile; fileRef = AA22B3801CE37307009CCD4C /* ViewController.m */; };
		AA22B3841CE37307009CCD4C /* Main.storyboard in Resources */ = {isa = PBXBuildFile; fileRef = AA22B3821CE37307009CCD4C /* Main.storyboard */; };
		AA22B3861CE37307009CCD4C /* Assets.xcassets in Resources */ = {isa = PBXBuildFile; fileRef = AA22B3851CE37307009CCD4C /* Assets.xcassets */; };
		AA22B3891CE37307009CCD4C /* LaunchScreen.storyboard in Resources */ = {isa = PBXBuildFile; fileRef = AA22B3871CE37307009CCD4C /* LaunchScreen.storyboard */; };
/* End PBXBuildFile section */

/* Begin PBXFileReference section */
		AA22B3761CE37306009CCD4C /* Lesson21.app */ = {isa = PBXFileReference; explicitFileType = wrapper.application; includeInIndex = 0; path = Lesson21.app; sourceTree = BUILT_PRODUCTS_DIR; };
		AA22B37A1CE37307009CCD4C /* main.m */ = {isa = PBXFileReference; lastKnownFileType = sourcecode.c.objc; path = main.m; sourceTree = "<group>"; };
		AA22B37C1CE37307009CCD4C /* AppDelegate.h */ = {isa = PBXFileReference; lastKnownFileType = sourcecode.c.h; path = AppDelegate.h; sourceTree = "<group>"; };
		AA22B37D1CE37307009CCD4C /* AppDelegate.m */ = {isa = PBXFileReference; lastKnownFileType = sourcecode.c.objc; path = AppDelegate.m; sourceTree = "<group>"; };
		AA22B37F1CE37307009CCD4C /* ViewController.h */ = {isa = PBXFileReference; lastKnownFileType = sourcecode.c.h; path = ViewController.h; sourceTree = "<group>"; };
		AA22B3801CE37307009CCD4C /* ViewController.m */ = {isa = PBXFileReference; lastKnownFileType = sourcecode.c.objc; path = ViewController.m; sourceTree = "<group>"; };
		AA22B3831CE37307009CCD4C /* Base */ = {isa = PBXFileReference; lastKnownFileType = file.storyboard; name = Base; path = Base.lproj/Main.storyboard; sourceTree = "<group>"; };
		AA22B3851CE37307009CCD4C /* Assets.xcassets */ = {isa = PBXFileReference; lastKnownFileType = folder.assetcatalog; path = Assets.xcassets; sourceTree = "<group>"; };
		AA22B3881CE37307009CCD4C /* Base */ = {isa = PBXFileReference; lastKnownFileType = file.storyboard; name = Base; path = Base.lproj/LaunchScreen.storyboard; sourceTree = "<group>"; };
		AA22B38A1CE37307009CCD4C /* Info.plist */ = {isa = PBXFileReference; lastKnownFileType = text.plist.xml; path = Info.plist; sourceTree = "<group>"; };
/* End PBXFileReference section */

/* Begin PBXFrameworksBuildPhase section */
		AA22B3731CE37306009CCD4C /* Frameworks */ = {
			isa = PBXFrameworksBuildPhase;
			buildActionMask = 2147483647;
			files = (
			);
			runOnlyForDeploymentPostprocessing = 0;
		};
/* End PBXFrameworksBuildPhase section */

/* Begin PBXGroup section */
		AA22B36D1CE37306009CCD4C = {
			isa = PBXGroup;
			children = (
				AA22B3781CE37307009CCD4C /* Lesson21 */,
				AA22B3771CE37306009CCD4C /* Products */,
			);
			sourceTree = "<group>";
		};
		AA22B3771CE37306009CCD4C /* Products */ = {
			isa = PBXGroup;
			children = (
				AA22B3761CE37306009CCD4C /* Lesson21.app */,
			);
			name = Products;
			sourceTree = "<group>";
		};
		AA22B3781CE37307009CCD4C /* Lesson21 */ = {
			isa = PBXGroup;
			children = (
				AA22B37C1CE37307009CCD4C /* AppDelegate.h */,
				AA22B37D1CE37307009CCD4C /* AppDelegate.m */,
				AA22B37F1CE37307009CCD4C /* ViewController.h */,
				AA22B3801CE37307009CCD4C /* ViewController.m */,
				AA22B3821CE37307009CCD4C /* Main.storyboard */,
				AA22B3851CE37307009CCD4C /* Assets.xcassets */,
				AA22B3871CE37307009CCD4C /* LaunchScreen.storyboard */,
				AA22B38A1CE37307009CCD4C /* Info.plist */,
				AA22B3791CE37307009CCD4C /* Supporting Files */,
			);
			path = Lesson21;
			sourceTree = "<group>";
		};
		AA22B3791CE37307009CCD4C /* Supporting Files */ = {
			isa = PBXGroup;
			children = (
				AA22B37A1CE37307009CCD4C /* main.m */,
			);
			name = "Supporting Files";
			sourceTree = "<group>";
		};
/* End PBXGroup section */

/* Begin PBXNativeTarget section */
		AA22B3751CE37306009CCD4C /* Lesson21 */ = {
			isa = PBXNativeTarget;
			buildConfigurationList = AA22B38D1CE37307009CCD4C /* Build configuration list for PBXNativeTarget "Lesson21" */;
			buildPhases = (
				AA22B3721CE37306009CCD4C /* Sources */,
				AA22B3731CE37306009CCD4C /* Frameworks */,
				AA22B3741CE37306009CCD4C /* Resources */,
			);
			buildRules = (
			);
			dependencies = (
			);
			name = Lesson21;
			productName = Lesson21;
			productReference = AA22B3761CE37306009CCD4C /* Lesson21.app */;
			productType = "com.apple.product-type.application";
		};
/* End PBXNativeTarget section */

/* Begin PBXProject section */
		AA22B36E1CE37306009CCD4C /* Project object */ = {
			isa = PBXProject;
			attributes = {
				LastUpgradeCheck = 0730;
				ORGANIZATIONNAME = "Azat Almeev";
				TargetAttributes = {
					AA22B3751CE37306009CCD4C = {
						CreatedOnToolsVersion = 7.3.1;
					};
				};
			};
			buildConfigurationList = AA22B3711CE37306009CCD4C /* Build configuration list for PBXProject "Lesson21" */;
			compatibilityVersion = "Xcode 3.2";
			developmentRegion = English;
			hasScannedForEncodings = 0;
			knownRegions = (
				en,
				Base,
			);
			mainGroup = AA22B36D1CE37306009CCD4C;
			productRefGroup = AA22B3771CE37306009CCD4C /* Products */;
			projectDirPath = "";
			projectRoot = "";
			targets = (
				AA22B3751CE37306009CCD4C /* Lesson21 */,
			);
		};
/* End PBXProject section */

/* Begin PBXResourcesBuildPhase section */
		AA22B3741CE37306009CCD4C /* Resources */ = {
			isa = PBXResourcesBuildPhase;
			buildActionMask = 2147483647;
			files = (
				AA22B3891CE37307009CCD4C /* LaunchScreen.storyboard in Resources */,
				AA22B3861CE37307009CCD4C /* Assets.xcassets in Resources */,
				AA22B3841CE37307009CCD4C /* Main.storyboard in Resources */,
			);
			runOnlyForDeploymentPostprocessing = 0;
		};
/* End PBXResourcesBuildPhase section */

/* Begin PBXSourcesBuildPhase section */
		AA22B3721CE37306009CCD4C /* Sources */ = {
			isa = PBXSourcesBuildPhase;
			buildActionMask = 2147483647;
			files = (
				AA22B3811CE37307009CCD4C /* ViewController.m in Sources */,
				AA22B37E1CE37307009CCD4C /* AppDelegate.m in Sources */,
				AA22B37B1CE37307009CCD4C /* main.m in Sources */,
			);
			runOnlyForDeploymentPostprocessing = 0;
		};
/* End PBXSourcesBuildPhase section */

/* Begin PBXVariantGroup section */
		AA22B3821CE37307009CCD4C /* Main.storyboard */ = {
			isa = PBXVariantGroup;
			children = (
				AA22B3831CE37307009CCD4C /* Base */,
			);
			name = Main.storyboard;
			sourceTree = "<group>";
		};
		AA22B3871CE37307009CCD4C /* LaunchScreen.storyboard */ = {
			isa = PBXVariantGroup;
			children = (
				AA22B3881CE37307009CCD4C /* Base */,
			);
			name = LaunchScreen.storyboard;
			sourceTree = "<group>";
		};
/* End PBXVariantGroup section */

/* Begin XCBuildConfiguration section */
		AA22B38B1CE37307009CCD4C /* Debug */ = {
			isa = XCBuildConfiguration;
			buildSettings = {
				ALWAYS_SEARCH_USER_PATHS = NO;
				CLANG_ANALYZER_NONNULL = YES;
				CLANG_CXX_LANGUAGE_STANDARD = "gnu++0x";
				CLANG_CXX_LIBRARY = "libc++";
				CLANG_ENABLE_MODULES = YES;
				CLANG_ENABLE_OBJC_ARC = YES;
				CLANG_WARN_BOOL_CONVERSION = YES;
				CLANG_WARN_CONSTANT_CONVERSION = YES;
				CLANG_WARN_DIRECT_OBJC_ISA_USAGE = YES_ERROR;
				CLANG_WARN_EMPTY_BODY = YES;
				CLANG_WARN_ENUM_CONVERSION = YES;
				CLANG_WARN_INT_CONVERSION = YES;
				CLANG_WARN_OBJC_ROOT_CLASS = YES_ERROR;
				CLANG_WARN_UNREACHABLE_CODE = YES;
				CLANG_WARN__DUPLICATE_METHOD_MATCH = YES;
				"CODE_SIGN_IDENTITY[sdk=iphoneos*]" = "iPhone Developer";
				COPY_PHASE_STRIP = NO;
				DEBUG_INFORMATION_FORMAT = dwarf;
				ENABLE_STRICT_OBJC_MSGSEND = YES;
				ENABLE_TESTABILITY = YES;
				GCC_C_LANGUAGE_STANDARD = gnu99;
				GCC_DYNAMIC_NO_PIC = NO;
				GCC_NO_COMMON_BLOCKS = YES;
				GCC_OPTIMIZATION_LEVEL = 0;
				GCC_PREPROCESSOR_DEFINITIONS = (
					"DEBUG=1",
					"$(inherited)",
				);
				GCC_WARN_64_TO_32_BIT_CONVERSION = YES;
				GCC_WARN_ABOUT_RETURN_TYPE = YES_ERROR;
				GCC_WARN_UNDECLARED_SELECTOR = YES;
				GCC_WARN_UNINITIALIZED_AUTOS = YES_AGGRESSIVE;
				GCC_WARN_UNUSED_FUNCTION = YES;
				GCC_WARN_UNUSED_VARIABLE = YES;
				IPHONEOS_DEPLOYMENT_TARGET = 9.3;
				MTL_ENABLE_DEBUG_INFO = YES;
				ONLY_ACTIVE_ARCH = YES;
				SDKROOT = iphoneos;
				TARGETED_DEVICE_FAMILY = "1,2";
			};
			name = Debug;
		};
		AA22B38C1CE37307009CCD4C /* Release */ = {
			isa = XCBuildConfiguration;
			buildSettings = {
				ALWAYS_SEARCH_USER_PATHS = NO;
				CLANG_ANALYZER_NONNULL = YES;
				CLANG_CXX_LANGUAGE_STANDARD = "gnu++0x";
				CLANG_CXX_LIBRARY = "libc++";
				CLANG_ENABLE_MODULES = YES;
				CLANG_ENABLE_OBJC_ARC = YES;
				CLANG_WARN_BOOL_CONVERSION = YES;
				CLANG_WARN_CONSTANT_CONVERSION = YES;
				CLANG_WARN_DIRECT_OBJC_ISA_USAGE = YES_ERROR;
				CLANG_WARN_EMPTY_BODY = YES;
				CLANG_WARN_ENUM_CONVERSION = YES;
				CLANG_WARN_INT_CONVERSION = YES;
				CLANG_WARN_OBJC_ROOT_CLASS = YES_ERROR;
				CLANG_WARN_UNREACHABLE_CODE = YES;
				CLANG_WARN__DUPLICATE_METHOD_MATCH = YES;
				"CODE_SIGN_IDENTITY[sdk=iphoneos*]" = "iPhone Developer";
				COPY_PHASE_STRIP = NO;
				DEBUG_INFORMATION_FORMAT = "dwarf-with-dsym";
				ENABLE_NS_ASSERTIONS = NO;
				ENABLE_STRICT_OBJC_MSGSEND = YES;
				GCC_C_LANGUAGE_STANDARD = gnu99;
				GCC_NO_COMMON_BLOCKS = YES;
				GCC_WARN_64_TO_32_BIT_CONVERSION = YES;
				GCC_WARN_ABOUT_RETURN_TYPE = YES_ERROR;
				GCC_WARN_UNDECLARED_SELECTOR = YES;
				GCC_WARN_UNINITIALIZED_AUTOS = YES_AGGRESSIVE;
				GCC_WARN_UNUSED_FUNCTION = YES;
				GCC_WARN_UNUSED_VARIABLE = YES;
				IPHONEOS_DEPLOYMENT_TARGET = 9.3;
				MTL_ENABLE_DEBUG_INFO = NO;
				SDKROOT = iphoneos;
				TARGETED_DEVICE_FAMILY = "1,2";
				VALIDATE_PRODUCT = YES;
			};
			name = Release;
		};
		AA22B38E1CE37307009CCD4C /* Debug */ = {
			isa = XCBuildConfiguration;
			buildSettings = {
				ASSETCATALOG_COMPILER_APPICON_NAME = AppIcon;
				INFOPLIST_FILE = Lesson21/Info.plist;
				LD_RUNPATH_SEARCH_PATHS = "$(inherited) @executable_path/Frameworks";
				PRODUCT_BUNDLE_IDENTIFIER = ru.azatalmeev.Lesson21;
				PRODUCT_NAME = "$(TARGET_NAME)";
			};
			name = Debug;
		};
		AA22B38F1CE37307009CCD4C /* Release */ = {
			isa = XCBuildConfiguration;
			buildSettings = {
				ASSETCATALOG_COMPILER_APPICON_NAME = AppIcon;
				INFOPLIST_FILE = Lesson21/Info.plist;
				LD_RUNPATH_SEARCH_PATHS = "$(inherited) @executable_path/Frameworks";
				PRODUCT_BUNDLE_IDENTIFIER = ru.azatalmeev.Lesson21;
				PRODUCT_NAME = "$(TARGET_NAME)";
			};
			name = Release;
		};
/* End XCBuildConfiguration section */

/* Begin XCConfigurationList section */
		AA22B3711CE37306009CCD4C /* Build configuration list for PBXProject "Lesson21" */ = {
			isa = XCConfigurationList;
			buildConfigurations = (
				AA22B38B1CE37307009CCD4C /* Debug */,
				AA22B38C1CE37307009CCD4C /* Release */,
			);
			defaultConfigurationIsVisible = 0;
			defaultConfigurationName = Release;
		};
		AA22B38D1CE37307009CCD4C /* Build configuration list for PBXNativeTarget "Lesson21" */ = {
			isa = XCConfigurationList;
			buildConfigurations = (
				AA22B38E1CE37307009CCD4C /* Debug */,
				AA22B38F1CE37307009CCD4C /* Release */,
			);
			defaultConfigurationIsVisible = 0;
		};
/* End XCConfigurationList section */
	};
	rootObject = AA22B36E1CE37306009CCD4C /* Project object */;
}
